
Microsoft Visual Studio Solution File, Format Version 12.00
# Visual Studio Version 17
VisualStudioVersion = 17.11.35327.3
MinimumVisualStudioVersion = 10.0.40219.1
Project("{FAE04EC0-301F-11D3-BF4B-00C04F79EFBC}") = "Sirb_Dragos_Laborator2", "Sirb_Dragos_Laborator2.csproj", "{FFEEC1CD-1778-4776-97D4-8149500F736E}"
EndProject
Global
	GlobalSection(SolutionConfigurationPlatforms) = preSolution
		Debug|Any CPU = Debug|Any CPU
		Release|Any CPU = Release|Any CPU
	EndGlobalSection
	GlobalSection(ProjectConfigurationPlatforms) = postSolution
		{FFEEC1CD-1778-4776-97D4-8149500F736E}.Debug|Any CPU.ActiveCfg = Debug|Any CPU
		{FFEEC1CD-1778-4776-97D4-8149500F736E}.Debug|Any CPU.Build.0 = Debug|Any CPU
		{FFEEC1CD-1778-4776-97D4-8149500F736E}.Release|Any CPU.ActiveCfg = Release|Any CPU
		{FFEEC1CD-1778-4776-97D4-8149500F736E}.Release|Any CPU.Build.0 = Release|Any CPU
	EndGlobalSection
	GlobalSection(SolutionProperties) = preSolution
		HideSolutionNode = FALSE
	EndGlobalSection
	GlobalSection(ExtensibilityGlobals) = postSolution
		SolutionGuid = {146DCFBD-73D9-42AE-A39C-FA2C04794EAB}
	EndGlobalSection
EndGlobal
